// !$*UTF8*$!
{
	archiveVersion = 1;
	classes = {
	};
	objectVersion = 77;
	objects = {

/* Begin PBXBuildFile section */
		0785378EEF0BB9DEECC2CAE8 /* Assets.xcassets in Resources */ = {isa = PBXBuildFile; fileRef = C17564D9A266A7072B0B22D3 /* Assets.xcassets */; };
		0FFC30972F6F3114F201909C /* ReadingTime.swift in Sources */ = {isa = PBXBuildFile; fileRef = 21E873226478D404328183B7 /* ReadingTime.swift */; };
		100C991B1B3E1766BF5D76E7 /* Satoshi-LightItalic.otf in Resources */ = {isa = PBXBuildFile; fileRef = C57712F709C920A752E93A9A /* Satoshi-LightItalic.otf */; };
		1C0458FEB8179CDAAC7D5372 /* Zodiak-Regular.otf in Resources */ = {isa = PBXBuildFile; fileRef = 08216A5A28A93A88EBDD73DB /* Zodiak-Regular.otf */; };
		1C271C53BB63236CF989F040 /* Zodiak-BoldItalic.otf in Resources */ = {isa = PBXBuildFile; fileRef = C02820B31992FBF367FC0A27 /* Zodiak-BoldItalic.otf */; };
		2AA8C5F06DFDCF5B64AE609C /* NubbleColors.swift in Sources */ = {isa = PBXBuildFile; fileRef = 3A4BB6809551B3A8D236686E /* NubbleColors.swift */; };
		2E03A34384CB5A8CCD4CADB2 /* ContentDocument.swift in Sources */ = {isa = PBXBuildFile; fileRef = AF6A1FBE561D03F44D0F84F4 /* ContentDocument.swift */; };
		2E70A8D1E75D737E160A54E8 /* SampleContent.swift in Sources */ = {isa = PBXBuildFile; fileRef = 4E15F8804151EEAEB749D758 /* SampleContent.swift */; };
		2E7D66B8BDA2EB276D53A3A2 /* Satoshi-Regular.otf in Resources */ = {isa = PBXBuildFile; fileRef = 124D04FF20C898504D3862DD /* Satoshi-Regular.otf */; };
		3183A6E7036351920BA20DE5 /* Typography.swift in Sources */ = {isa = PBXBuildFile; fileRef = 1996051221793889914DF1E3 /* Typography.swift */; };
		34D7A2ABBE60B58B1B1152E3 /* Zodiak-LightItalic.otf in Resources */ = {isa = PBXBuildFile; fileRef = BA726363F300A8F68C0E0C8E /* Zodiak-LightItalic.otf */; };
		3B3B38E40E7EFE658552A269 /* NubbleApp.swift in Sources */ = {isa = PBXBuildFile; fileRef = D7154753A83EFB28462FD99A /* NubbleApp.swift */; };
		3B89AFC73E6568EACF743B77 /* Zodiak-Black.otf in Resources */ = {isa = PBXBuildFile; fileRef = F80CFFB3E70D4FD8D12B9685 /* Zodiak-Black.otf */; };
		47BD5A0B109FB9A6864C6052 /* DepthGenerator.swift in Sources */ = {isa = PBXBuildFile; fileRef = DB3C4A203835059617D97B7A /* DepthGenerator.swift */; };
		4F9BF7EC3F1AA22C0380AEA7 /* EPubParser.swift in Sources */ = {isa = PBXBuildFile; fileRef = 44C80A08E5015C95B8F17FD6 /* EPubParser.swift */; };
		55A85C882FBDFFF41AC6DE68 /* Zodiak-ThinItalic.otf in Resources */ = {isa = PBXBuildFile; fileRef = E74C98BCDA1A84A474C96EC9 /* Zodiak-ThinItalic.otf */; };
		5A057B4CEBD9CFA72E107DED /* Zodiak-ExtraboldItalic.otf in Resources */ = {isa = PBXBuildFile; fileRef = 142026EDDBE4D5532C6B3EB8 /* Zodiak-ExtraboldItalic.otf */; };
		5BFF5E34899D89206E051D1C /* Satoshi-Italic.otf in Resources */ = {isa = PBXBuildFile; fileRef = 4ABEE256B863B1B45D6405E9 /* Satoshi-Italic.otf */; };
		639C8FC6E71179CF8EA707B1 /* ReadingProgressBar.swift in Sources */ = {isa = PBXBuildFile; fileRef = 87835B1148D75BFC1C62B5EC /* ReadingProgressBar.swift */; };
		76EDB6CB13275A497A184D87 /* Zodiak-Italic.otf in Resources */ = {isa = PBXBuildFile; fileRef = 95950AE25D22AD73E5660512 /* Zodiak-Italic.otf */; };
		7A3654FB2D9958A1A0AD7E16 /* ChunkingEngine.swift in Sources */ = {isa = PBXBuildFile; fileRef = 813304EFE8E8488673523566 /* ChunkingEngine.swift */; };
		83EF04485E266115996D9C3E /* Zodiak-Extrabold.otf in Resources */ = {isa = PBXBuildFile; fileRef = A7EBBFD790A49F6C4BC09E1E /* Zodiak-Extrabold.otf */; };
		88C431BBDE2DF417C55A66DE /* ImportView.swift in Sources */ = {isa = PBXBuildFile; fileRef = 0E0DD90E078EF71A4BE9D1CE /* ImportView.swift */; };
		8B28387BAC00FFEBFF82B6C8 /* Springs.swift in Sources */ = {isa = PBXBuildFile; fileRef = 1ADC1CC19C0AC85D26806BDC /* Springs.swift */; };
		923921BA6D6157424C6EF5BB /* Zodiak-Bold.otf in Resources */ = {isa = PBXBuildFile; fileRef = D465B464983075800687BA68 /* Zodiak-Bold.otf */; };
		9993D4059DD5890ADB4B50CF /* Satoshi-MediumItalic.otf in Resources */ = {isa = PBXBuildFile; fileRef = 3026CCA56112E799A3CD303D /* Satoshi-MediumItalic.otf */; };
		A0467BD10CB3DB5472C8655E /* NubbleLogo.swift in Sources */ = {isa = PBXBuildFile; fileRef = 7B1588C5B0090B888FF15B22 /* NubbleLogo.swift */; };
		A7DB12578EC94BF6CBBF33E5 /* SwipeOnboarding.swift in Sources */ = {isa = PBXBuildFile; fileRef = 9AF8A10C5BB255AA9BAD6E84 /* SwipeOnboarding.swift */; };
		A82F1E0426371A33D17BB06D /* ZIPFoundation in Frameworks */ = {isa = PBXBuildFile; productRef = DEEE494003EEA3BCC989B48A /* ZIPFoundation */; };
		B18E4B6773BD9C3CAF82C19D /* Satoshi-Medium.otf in Resources */ = {isa = PBXBuildFile; fileRef = 443FEA87C2BF29965EA9D3C1 /* Satoshi-Medium.otf */; };
		B9514BF98F9507CBDC45C042 /* Satoshi-Bold.otf in Resources */ = {isa = PBXBuildFile; fileRef = 87709AD64461DB08A4AD66E9 /* Satoshi-Bold.otf */; };
		BA6D43139AAB56E16E298D4B /* Zodiak-Light.otf in Resources */ = {isa = PBXBuildFile; fileRef = FD5A84476E2ABA2CEF0F4D95 /* Zodiak-Light.otf */; };
		C89E6D9046833D53EFEE163D /* ContentSection.swift in Sources */ = {isa = PBXBuildFile; fileRef = CF1BBEE1C8F4B7FF6AF91EF3 /* ContentSection.swift */; };
		C982C6693478715F72B0ADBE /* PDFExtractor.swift in Sources */ = {isa = PBXBuildFile; fileRef = 02D3C41E3C70D724E64B70A3 /* PDFExtractor.swift */; };
		CAA7EED491972C896559206D /* SwiftSoup in Frameworks */ = {isa = PBXBuildFile; productRef = BEDA8351376257171DE48B0C /* SwiftSoup */; };
		CFA362458CF60A34B69B01EB /* Zodiak-Thin.otf in Resources */ = {isa = PBXBuildFile; fileRef = 4BD371F1C4546416D71EB1FA /* Zodiak-Thin.otf */; };
		D1D4E5D16BBFE481F302302C /* Haptics.swift in Sources */ = {isa = PBXBuildFile; fileRef = F04E26FE6EF8DFF3C3E5D05F /* Haptics.swift */; };
		D1E7AD1132952341E726B35F /* ConversionPipeline.swift in Sources */ = {isa = PBXBuildFile; fileRef = E07A2E061D21C18323C40575 /* ConversionPipeline.swift */; };
		D8EAAB49EF959218CADAC762 /* ReaderState.swift in Sources */ = {isa = PBXBuildFile; fileRef = DDE85C30F593D0D5B249CAD0 /* ReaderState.swift */; };
		DF461766F33E06419DCD77A0 /* SectionView.swift in Sources */ = {isa = PBXBuildFile; fileRef = BF3E4B0C0C975EE7507ED102 /* SectionView.swift */; };
		E77DF9096F698D3C60B4AC1A /* NubbleReaderView.swift in Sources */ = {isa = PBXBuildFile; fileRef = 0755FE128A25592C9D838527 /* NubbleReaderView.swift */; };
		EB4D70A023DB2779C4E8444A /* DepthIndicator.swift in Sources */ = {isa = PBXBuildFile; fileRef = 6886937EFD690603D16BCEC6 /* DepthIndicator.swift */; };
		FC4BE98D84A9A7EC2738CEE2 /* BoundaryFlash.swift in Sources */ = {isa = PBXBuildFile; fileRef = ED0030AD57BA806CA81309D4 /* BoundaryFlash.swift */; };
		FE572BCEE36767D521BF77B6 /* Satoshi-Light.otf in Resources */ = {isa = PBXBuildFile; fileRef = 1BA7D294D555AFF5EB497D0C /* Satoshi-Light.otf */; };
/* End PBXBuildFile section */

/* Begin PBXFileReference section */
		02D3C41E3C70D724E64B70A3 /* PDFExtractor.swift */ = {isa = PBXFileReference; lastKnownFileType = sourcecode.swift; path = PDFExtractor.swift; sourceTree = "<group>"; };
		0755FE128A25592C9D838527 /* NubbleReaderView.swift */ = {isa = PBXFileReference; lastKnownFileType = sourcecode.swift; path = NubbleReaderView.swift; sourceTree = "<group>"; };
		08216A5A28A93A88EBDD73DB /* Zodiak-Regular.otf */ = {isa = PBXFileReference; lastKnownFileType = file; path = "Zodiak-Regular.otf"; sourceTree = "<group>"; };
		0E0DD90E078EF71A4BE9D1CE /* ImportView.swift */ = {isa = PBXFileReference; lastKnownFileType = sourcecode.swift; path = ImportView.swift; sourceTree = "<group>"; };
		124D04FF20C898504D3862DD /* Satoshi-Regular.otf */ = {isa = PBXFileReference; lastKnownFileType = file; path = "Satoshi-Regular.otf"; sourceTree = "<group>"; };
		142026EDDBE4D5532C6B3EB8 /* Zodiak-ExtraboldItalic.otf */ = {isa = PBXFileReference; lastKnownFileType = file; path = "Zodiak-ExtraboldItalic.otf"; sourceTree = "<group>"; };
		1996051221793889914DF1E3 /* Typography.swift */ = {isa = PBXFileReference; lastKnownFileType = sourcecode.swift; path = Typography.swift; sourceTree = "<group>"; };
		1ADC1CC19C0AC85D26806BDC /* Springs.swift */ = {isa = PBXFileReference; lastKnownFileType = sourcecode.swift; path = Springs.swift; sourceTree = "<group>"; };
		1BA7D294D555AFF5EB497D0C /* Satoshi-Light.otf */ = {isa = PBXFileReference; lastKnownFileType = file; path = "Satoshi-Light.otf"; sourceTree = "<group>"; };
		21E873226478D404328183B7 /* ReadingTime.swift */ = {isa = PBXFileReference; lastKnownFileType = sourcecode.swift; path = ReadingTime.swift; sourceTree = "<group>"; };
		3026CCA56112E799A3CD303D /* Satoshi-MediumItalic.otf */ = {isa = PBXFileReference; lastKnownFileType = file; path = "Satoshi-MediumItalic.otf"; sourceTree = "<group>"; };
		3A4BB6809551B3A8D236686E /* NubbleColors.swift */ = {isa = PBXFileReference; lastKnownFileType = sourcecode.swift; path = NubbleColors.swift; sourceTree = "<group>"; };
		443FEA87C2BF29965EA9D3C1 /* Satoshi-Medium.otf */ = {isa = PBXFileReference; lastKnownFileType = file; path = "Satoshi-Medium.otf"; sourceTree = "<group>"; };
		44C80A08E5015C95B8F17FD6 /* EPubParser.swift */ = {isa = PBXFileReference; lastKnownFileType = sourcecode.swift; path = EPubParser.swift; sourceTree = "<group>"; };
		4ABEE256B863B1B45D6405E9 /* Satoshi-Italic.otf */ = {isa = PBXFileReference; lastKnownFileType = file; path = "Satoshi-Italic.otf"; sourceTree = "<group>"; };
		4BD371F1C4546416D71EB1FA /* Zodiak-Thin.otf */ = {isa = PBXFileReference; lastKnownFileType = file; path = "Zodiak-Thin.otf"; sourceTree = "<group>"; };
		4E15F8804151EEAEB749D758 /* SampleContent.swift */ = {isa = PBXFileReference; lastKnownFileType = sourcecode.swift; path = SampleContent.swift; sourceTree = "<group>"; };
		6886937EFD690603D16BCEC6 /* DepthIndicator.swift */ = {isa = PBXFileReference; lastKnownFileType = sourcecode.swift; path = DepthIndicator.swift; sourceTree = "<group>"; };
		7B1588C5B0090B888FF15B22 /* NubbleLogo.swift */ = {isa = PBXFileReference; lastKnownFileType = sourcecode.swift; path = NubbleLogo.swift; sourceTree = "<group>"; };
		813304EFE8E8488673523566 /* ChunkingEngine.swift */ = {isa = PBXFileReference; lastKnownFileType = sourcecode.swift; path = ChunkingEngine.swift; sourceTree = "<group>"; };
		82FD2B5D011BFE504075965C /* Nubble.app */ = {isa = PBXFileReference; includeInIndex = 0; lastKnownFileType = wrapper.application; path = Nubble.app; sourceTree = BUILT_PRODUCTS_DIR; };
		87709AD64461DB08A4AD66E9 /* Satoshi-Bold.otf */ = {isa = PBXFileReference; lastKnownFileType = file; path = "Satoshi-Bold.otf"; sourceTree = "<group>"; };
		87835B1148D75BFC1C62B5EC /* ReadingProgressBar.swift */ = {isa = PBXFileReference; lastKnownFileType = sourcecode.swift; path = ReadingProgressBar.swift; sourceTree = "<group>"; };
		95950AE25D22AD73E5660512 /* Zodiak-Italic.otf */ = {isa = PBXFileReference; lastKnownFileType = file; path = "Zodiak-Italic.otf"; sourceTree = "<group>"; };
		9AF8A10C5BB255AA9BAD6E84 /* SwipeOnboarding.swift */ = {isa = PBXFileReference; lastKnownFileType = sourcecode.swift; path = SwipeOnboarding.swift; sourceTree = "<group>"; };
		A7EBBFD790A49F6C4BC09E1E /* Zodiak-Extrabold.otf */ = {isa = PBXFileReference; lastKnownFileType = file; path = "Zodiak-Extrabold.otf"; sourceTree = "<group>"; };
		AF6A1FBE561D03F44D0F84F4 /* ContentDocument.swift */ = {isa = PBXFileReference; lastKnownFileType = sourcecode.swift; path = ContentDocument.swift; sourceTree = "<group>"; };
		BA726363F300A8F68C0E0C8E /* Zodiak-LightItalic.otf */ = {isa = PBXFileReference; lastKnownFileType = file; path = "Zodiak-LightItalic.otf"; sourceTree = "<group>"; };
		BF3E4B0C0C975EE7507ED102 /* SectionView.swift */ = {isa = PBXFileReference; lastKnownFileType = sourcecode.swift; path = SectionView.swift; sourceTree = "<group>"; };
		C02820B31992FBF367FC0A27 /* Zodiak-BoldItalic.otf */ = {isa = PBXFileReference; lastKnownFileType = file; path = "Zodiak-BoldItalic.otf"; sourceTree = "<group>"; };
		C17564D9A266A7072B0B22D3 /* Assets.xcassets */ = {isa = PBXFileReference; lastKnownFileType = folder.assetcatalog; path = Assets.xcassets; sourceTree = "<group>"; };
		C57712F709C920A752E93A9A /* Satoshi-LightItalic.otf */ = {isa = PBXFileReference; lastKnownFileType = file; path = "Satoshi-LightItalic.otf"; sourceTree = "<group>"; };
		CF1BBEE1C8F4B7FF6AF91EF3 /* ContentSection.swift */ = {isa = PBXFileReference; lastKnownFileType = sourcecode.swift; path = ContentSection.swift; sourceTree = "<group>"; };
		D465B464983075800687BA68 /* Zodiak-Bold.otf */ = {isa = PBXFileReference; lastKnownFileType = file; path = "Zodiak-Bold.otf"; sourceTree = "<group>"; };
		D7154753A83EFB28462FD99A /* NubbleApp.swift */ = {isa = PBXFileReference; lastKnownFileType = sourcecode.swift; path = NubbleApp.swift; sourceTree = "<group>"; };
		DB3C4A203835059617D97B7A /* DepthGenerator.swift */ = {isa = PBXFileReference; lastKnownFileType = sourcecode.swift; path = DepthGenerator.swift; sourceTree = "<group>"; };
		DDE85C30F593D0D5B249CAD0 /* ReaderState.swift */ = {isa = PBXFileReference; lastKnownFileType = sourcecode.swift; path = ReaderState.swift; sourceTree = "<group>"; };
		E07A2E061D21C18323C40575 /* ConversionPipeline.swift */ = {isa = PBXFileReference; lastKnownFileType = sourcecode.swift; path = ConversionPipeline.swift; sourceTree = "<group>"; };
		E54B6BF8D0A7A8FF7E9EF9F7 /* Info.plist */ = {isa = PBXFileReference; lastKnownFileType = text.plist; path = Info.plist; sourceTree = "<group>"; };
		E74C98BCDA1A84A474C96EC9 /* Zodiak-ThinItalic.otf */ = {isa = PBXFileReference; lastKnownFileType = file; path = "Zodiak-ThinItalic.otf"; sourceTree = "<group>"; };
		ED0030AD57BA806CA81309D4 /* BoundaryFlash.swift */ = {isa = PBXFileReference; lastKnownFileType = sourcecode.swift; path = BoundaryFlash.swift; sourceTree = "<group>"; };
		F04E26FE6EF8DFF3C3E5D05F /* Haptics.swift */ = {isa = PBXFileReference; lastKnownFileType = sourcecode.swift; path = Haptics.swift; sourceTree = "<group>"; };
		F80CFFB3E70D4FD8D12B9685 /* Zodiak-Black.otf */ = {isa = PBXFileReference; lastKnownFileType = file; path = "Zodiak-Black.otf"; sourceTree = "<group>"; };
		FD5A84476E2ABA2CEF0F4D95 /* Zodiak-Light.otf */ = {isa = PBXFileReference; lastKnownFileType = file; path = "Zodiak-Light.otf"; sourceTree = "<group>"; };
/* End PBXFileReference section */

/* Begin PBXFrameworksBuildPhase section */
		F5D38F410B2BF2CD67EF051A /* Frameworks */ = {
			isa = PBXFrameworksBuildPhase;
			buildActionMask = 2147483647;
			files = (
				CAA7EED491972C896559206D /* SwiftSoup in Frameworks */,
				A82F1E0426371A33D17BB06D /* ZIPFoundation in Frameworks */,
			);
			runOnlyForDeploymentPostprocessing = 0;
		};
/* End PBXFrameworksBuildPhase section */

/* Begin PBXGroup section */
		1DE5E51CD99D9A18DEEB706B /* Nubble */ = {
			isa = PBXGroup;
			children = (
				E54B6BF8D0A7A8FF7E9EF9F7 /* Info.plist */,
				D7154753A83EFB28462FD99A /* NubbleApp.swift */,
				D178940C1EB5F4D901A70D28 /* Design */,
				7C8E98BFE2EF4F8A349C1039 /* Models */,
				E4906A274ECD36D6C67A0A64 /* Resources */,
				D30373A04BB187F6A35922AC /* Services */,
				D616418FF811D1441FC5D86B /* Utilities */,
				92D402168E82E58D6829B2DA /* Views */,
			);
			path = Nubble;
			sourceTree = "<group>";
		};
		248C87F7FC54602A3DCBE7CA /* Products */ = {
			isa = PBXGroup;
			children = (
				82FD2B5D011BFE504075965C /* Nubble.app */,
			);
			name = Products;
			sourceTree = "<group>";
		};
		26396DCADE20CEE189C1BB30 /* Fonts */ = {
			isa = PBXGroup;
			children = (
				87709AD64461DB08A4AD66E9 /* Satoshi-Bold.otf */,
				4ABEE256B863B1B45D6405E9 /* Satoshi-Italic.otf */,
				1BA7D294D555AFF5EB497D0C /* Satoshi-Light.otf */,
				C57712F709C920A752E93A9A /* Satoshi-LightItalic.otf */,
				443FEA87C2BF29965EA9D3C1 /* Satoshi-Medium.otf */,
				3026CCA56112E799A3CD303D /* Satoshi-MediumItalic.otf */,
				124D04FF20C898504D3862DD /* Satoshi-Regular.otf */,
				F80CFFB3E70D4FD8D12B9685 /* Zodiak-Black.otf */,
				D465B464983075800687BA68 /* Zodiak-Bold.otf */,
				C02820B31992FBF367FC0A27 /* Zodiak-BoldItalic.otf */,
				A7EBBFD790A49F6C4BC09E1E /* Zodiak-Extrabold.otf */,
				142026EDDBE4D5532C6B3EB8 /* Zodiak-ExtraboldItalic.otf */,
				95950AE25D22AD73E5660512 /* Zodiak-Italic.otf */,
				FD5A84476E2ABA2CEF0F4D95 /* Zodiak-Light.otf */,
				BA726363F300A8F68C0E0C8E /* Zodiak-LightItalic.otf */,
				08216A5A28A93A88EBDD73DB /* Zodiak-Regular.otf */,
				4BD371F1C4546416D71EB1FA /* Zodiak-Thin.otf */,
				E74C98BCDA1A84A474C96EC9 /* Zodiak-ThinItalic.otf */,
			);
			path = Fonts;
			sourceTree = "<group>";
		};
		487FBBB1CCA18D9D6E1CE5C7 /* Components */ = {
			isa = PBXGroup;
			children = (
				7B1588C5B0090B888FF15B22 /* NubbleLogo.swift */,
			);
			path = Components;
			sourceTree = "<group>";
		};
		7C8E98BFE2EF4F8A349C1039 /* Models */ = {
			isa = PBXGroup;
			children = (
				AF6A1FBE561D03F44D0F84F4 /* ContentDocument.swift */,
				CF1BBEE1C8F4B7FF6AF91EF3 /* ContentSection.swift */,
				DDE85C30F593D0D5B249CAD0 /* ReaderState.swift */,
			);
			path = Models;
			sourceTree = "<group>";
		};
		7D172FF62339A74EA3B0E986 = {
			isa = PBXGroup;
			children = (
				1DE5E51CD99D9A18DEEB706B /* Nubble */,
				248C87F7FC54602A3DCBE7CA /* Products */,
			);
			sourceTree = "<group>";
		};
		92D402168E82E58D6829B2DA /* Views */ = {
			isa = PBXGroup;
			children = (
				487FBBB1CCA18D9D6E1CE5C7 /* Components */,
				BEFD103CF63E339CB4570B34 /* Import */,
				EDB2D575CEB8D5706A0F3128 /* Reader */,
			);
			path = Views;
			sourceTree = "<group>";
		};
		BEFD103CF63E339CB4570B34 /* Import */ = {
			isa = PBXGroup;
			children = (
				0E0DD90E078EF71A4BE9D1CE /* ImportView.swift */,
			);
			path = Import;
			sourceTree = "<group>";
		};
		D178940C1EB5F4D901A70D28 /* Design */ = {
			isa = PBXGroup;
			children = (
				3A4BB6809551B3A8D236686E /* NubbleColors.swift */,
				1ADC1CC19C0AC85D26806BDC /* Springs.swift */,
				1996051221793889914DF1E3 /* Typography.swift */,
			);
			path = Design;
			sourceTree = "<group>";
		};
		D30373A04BB187F6A35922AC /* Services */ = {
			isa = PBXGroup;
			children = (
				813304EFE8E8488673523566 /* ChunkingEngine.swift */,
				E07A2E061D21C18323C40575 /* ConversionPipeline.swift */,
				DB3C4A203835059617D97B7A /* DepthGenerator.swift */,
				44C80A08E5015C95B8F17FD6 /* EPubParser.swift */,
				02D3C41E3C70D724E64B70A3 /* PDFExtractor.swift */,
			);
			path = Services;
			sourceTree = "<group>";
		};
		D616418FF811D1441FC5D86B /* Utilities */ = {
			isa = PBXGroup;
			children = (
				F04E26FE6EF8DFF3C3E5D05F /* Haptics.swift */,
				21E873226478D404328183B7 /* ReadingTime.swift */,
			);
			path = Utilities;
			sourceTree = "<group>";
		};
		E4906A274ECD36D6C67A0A64 /* Resources */ = {
			isa = PBXGroup;
			children = (
				C17564D9A266A7072B0B22D3 /* Assets.xcassets */,
				4E15F8804151EEAEB749D758 /* SampleContent.swift */,
				26396DCADE20CEE189C1BB30 /* Fonts */,
			);
			path = Resources;
			sourceTree = "<group>";
		};
		EDB2D575CEB8D5706A0F3128 /* Reader */ = {
			isa = PBXGroup;
			children = (
				ED0030AD57BA806CA81309D4 /* BoundaryFlash.swift */,
				6886937EFD690603D16BCEC6 /* DepthIndicator.swift */,
				0755FE128A25592C9D838527 /* NubbleReaderView.swift */,
				87835B1148D75BFC1C62B5EC /* ReadingProgressBar.swift */,
				BF3E4B0C0C975EE7507ED102 /* SectionView.swift */,
				9AF8A10C5BB255AA9BAD6E84 /* SwipeOnboarding.swift */,
			);
			path = Reader;
			sourceTree = "<group>";
		};
/* End PBXGroup section */

/* Begin PBXNativeTarget section */
		DE4772B509FCFFB16582F2E6 /* Nubble */ = {
			isa = PBXNativeTarget;
			buildConfigurationList = 4FABC79677ABC8E199363EE2 /* Build configuration list for PBXNativeTarget "Nubble" */;
			buildPhases = (
				287947931CBB7E734EBB26D2 /* Sources */,
				FFCBCFEFBA4245D47625F6A3 /* Resources */,
				F5D38F410B2BF2CD67EF051A /* Frameworks */,
			);
			buildRules = (
			);
			dependencies = (
			);
			name = Nubble;
			packageProductDependencies = (
				BEDA8351376257171DE48B0C /* SwiftSoup */,
				DEEE494003EEA3BCC989B48A /* ZIPFoundation */,
			);
			productName = Nubble;
			productReference = 82FD2B5D011BFE504075965C /* Nubble.app */;
			productType = "com.apple.product-type.application";
		};
/* End PBXNativeTarget section */

/* Begin PBXProject section */
		B7D91DE030048C1BFE4CF5F5 /* Project object */ = {
			isa = PBXProject;
			attributes = {
				BuildIndependentTargetsInParallel = YES;
				LastUpgradeCheck = 2600;
				TargetAttributes = {
					DE4772B509FCFFB16582F2E6 = {
						DevelopmentTeam = F7TR367W75;
						ProvisioningStyle = Automatic;
					};
				};
			};
			buildConfigurationList = 00500AB6700520329B822705 /* Build configuration list for PBXProject "Nubble" */;
			developmentRegion = en;
			hasScannedForEncodings = 0;
			knownRegions = (
				Base,
				en,
			);
			mainGroup = 7D172FF62339A74EA3B0E986;
			minimizedProjectReferenceProxies = 1;
			packageReferences = (
				067B6FDC4BE1741B6B634368 /* XCRemoteSwiftPackageReference "SwiftSoup" */,
				DAD01CC49D62C2861FE3EC71 /* XCRemoteSwiftPackageReference "ZIPFoundation" */,
			);
			preferredProjectObjectVersion = 77;
			productRefGroup = 248C87F7FC54602A3DCBE7CA /* Products */;
			projectDirPath = "";
			projectRoot = "";
			targets = (
				DE4772B509FCFFB16582F2E6 /* Nubble */,
			);
		};
/* End PBXProject section */

/* Begin PBXResourcesBuildPhase section */
		FFCBCFEFBA4245D47625F6A3 /* Resources */ = {
			isa = PBXResourcesBuildPhase;
			buildActionMask = 2147483647;
			files = (
				0785378EEF0BB9DEECC2CAE8 /* Assets.xcassets in Resources */,
				B9514BF98F9507CBDC45C042 /* Satoshi-Bold.otf in Resources */,
				5BFF5E34899D89206E051D1C /* Satoshi-Italic.otf in Resources */,
				FE572BCEE36767D521BF77B6 /* Satoshi-Light.otf in Resources */,
				100C991B1B3E1766BF5D76E7 /* Satoshi-LightItalic.otf in Resources */,
				B18E4B6773BD9C3CAF82C19D /* Satoshi-Medium.otf in Resources */,
				9993D4059DD5890ADB4B50CF /* Satoshi-MediumItalic.otf in Resources */,
				2E7D66B8BDA2EB276D53A3A2 /* Satoshi-Regular.otf in Resources */,
				3B89AFC73E6568EACF743B77 /* Zodiak-Black.otf in Resources */,
				923921BA6D6157424C6EF5BB /* Zodiak-Bold.otf in Resources */,
				1C271C53BB63236CF989F040 /* Zodiak-BoldItalic.otf in Resources */,
				83EF04485E266115996D9C3E /* Zodiak-Extrabold.otf in Resources */,
				5A057B4CEBD9CFA72E107DED /* Zodiak-ExtraboldItalic.otf in Resources */,
				76EDB6CB13275A497A184D87 /* Zodiak-Italic.otf in Resources */,
				BA6D43139AAB56E16E298D4B /* Zodiak-Light.otf in Resources */,
				34D7A2ABBE60B58B1B1152E3 /* Zodiak-LightItalic.otf in Resources */,
				1C0458FEB8179CDAAC7D5372 /* Zodiak-Regular.otf in Resources */,
				CFA362458CF60A34B69B01EB /* Zodiak-Thin.otf in Resources */,
				55A85C882FBDFFF41AC6DE68 /* Zodiak-ThinItalic.otf in Resources */,
			);
			runOnlyForDeploymentPostprocessing = 0;
		};
/* End PBXResourcesBuildPhase section */

/* Begin PBXSourcesBuildPhase section */
		287947931CBB7E734EBB26D2 /* Sources */ = {
			isa = PBXSourcesBuildPhase;
			buildActionMask = 2147483647;
			files = (
				FC4BE98D84A9A7EC2738CEE2 /* BoundaryFlash.swift in Sources */,
				7A3654FB2D9958A1A0AD7E16 /* ChunkingEngine.swift in Sources */,
				2E03A34384CB5A8CCD4CADB2 /* ContentDocument.swift in Sources */,
				C89E6D9046833D53EFEE163D /* ContentSection.swift in Sources */,
				D1E7AD1132952341E726B35F /* ConversionPipeline.swift in Sources */,
				47BD5A0B109FB9A6864C6052 /* DepthGenerator.swift in Sources */,
				EB4D70A023DB2779C4E8444A /* DepthIndicator.swift in Sources */,
				4F9BF7EC3F1AA22C0380AEA7 /* EPubParser.swift in Sources */,
				D1D4E5D16BBFE481F302302C /* Haptics.swift in Sources */,
				88C431BBDE2DF417C55A66DE /* ImportView.swift in Sources */,
				3B3B38E40E7EFE658552A269 /* NubbleApp.swift in Sources */,
				2AA8C5F06DFDCF5B64AE609C /* NubbleColors.swift in Sources */,
				A0467BD10CB3DB5472C8655E /* NubbleLogo.swift in Sources */,
				E77DF9096F698D3C60B4AC1A /* NubbleReaderView.swift in Sources */,
				C982C6693478715F72B0ADBE /* PDFExtractor.swift in Sources */,
				D8EAAB49EF959218CADAC762 /* ReaderState.swift in Sources */,
				639C8FC6E71179CF8EA707B1 /* ReadingProgressBar.swift in Sources */,
				0FFC30972F6F3114F201909C /* ReadingTime.swift in Sources */,
				2E70A8D1E75D737E160A54E8 /* SampleContent.swift in Sources */,
				DF461766F33E06419DCD77A0 /* SectionView.swift in Sources */,
				8B28387BAC00FFEBFF82B6C8 /* Springs.swift in Sources */,
				A7DB12578EC94BF6CBBF33E5 /* SwipeOnboarding.swift in Sources */,
				3183A6E7036351920BA20DE5 /* Typography.swift in Sources */,
			);
			runOnlyForDeploymentPostprocessing = 0;
		};
/* End PBXSourcesBuildPhase section */

/* Begin XCBuildConfiguration section */
		486F48E4DF0CBF71568FAB5A /* Debug */ = {
			isa = XCBuildConfiguration;
			buildSettings = {
				ASSETCATALOG_COMPILER_APPICON_NAME = AppIcon;
				ASSETCATALOG_COMPILER_GLOBAL_ACCENT_COLOR_NAME = AccentColor;
				CODE_SIGN_IDENTITY = "iPhone Developer";
				CODE_SIGN_STYLE = Automatic;
				DEVELOPMENT_TEAM = F7TR367W75;
				ENABLE_USER_SCRIPT_SANDBOXING = YES;
				INFOPLIST_FILE = Nubble/Info.plist;
				LD_RUNPATH_SEARCH_PATHS = (
					"$(inherited)",
					"@executable_path/Frameworks",
				);
				PRODUCT_BUNDLE_IDENTIFIER = me.nubble.app;
				SDKROOT = iphoneos;
				SWIFT_STRICT_CONCURRENCY = complete;
				TARGETED_DEVICE_FAMILY = "1,2";
			};
			name = Debug;
		};
		5B03314FE6B7A35EB25152E1 /* Debug */ = {
			isa = XCBuildConfiguration;
			buildSettings = {
				ALWAYS_SEARCH_USER_PATHS = NO;
				CLANG_ANALYZER_NONNULL = YES;
				CLANG_ANALYZER_NUMBER_OBJECT_CONVERSION = YES_AGGRESSIVE;
				CLANG_CXX_LANGUAGE_STANDARD = "gnu++14";
				CLANG_CXX_LIBRARY = "libc++";
				CLANG_ENABLE_MODULES = YES;
				CLANG_ENABLE_OBJC_ARC = YES;
				CLANG_ENABLE_OBJC_WEAK = YES;
				CLANG_WARN_BLOCK_CAPTURE_AUTORELEASING = YES;
				CLANG_WARN_BOOL_CONVERSION = YES;
				CLANG_WARN_COMMA = YES;
				CLANG_WARN_CONSTANT_CONVERSION = YES;
				CLANG_WARN_DEPRECATED_OBJC_IMPLEMENTATIONS = YES;
				CLANG_WARN_DIRECT_OBJC_ISA_USAGE = YES_ERROR;
				CLANG_WARN_DOCUMENTATION_COMMENTS = YES;
				CLANG_WARN_EMPTY_BODY = YES;
				CLANG_WARN_ENUM_CONVERSION = YES;
				CLANG_WARN_INFINITE_RECURSION = YES;
				CLANG_WARN_INT_CONVERSION = YES;
				CLANG_WARN_NON_LITERAL_NULL_CONVERSION = YES;
				CLANG_WARN_OBJC_IMPLICIT_RETAIN_SELF = YES;
				CLANG_WARN_OBJC_LITERAL_CONVERSION = YES;
				CLANG_WARN_OBJC_ROOT_CLASS = YES_ERROR;
				CLANG_WARN_QUOTED_INCLUDE_IN_FRAMEWORK_HEADER = YES;
				CLANG_WARN_RANGE_LOOP_ANALYSIS = YES;
				CLANG_WARN_STRICT_PROTOTYPES = YES;
				CLANG_WARN_SUSPICIOUS_MOVE = YES;
				CLANG_WARN_UNGUARDED_AVAILABILITY = YES_AGGRESSIVE;
				CLANG_WARN_UNREACHABLE_CODE = YES;
				CLANG_WARN__DUPLICATE_METHOD_MATCH = YES;
				COPY_PHASE_STRIP = NO;
				CURRENT_PROJECT_VERSION = 1;
				DEBUG_INFORMATION_FORMAT = dwarf;
				ENABLE_STRICT_OBJC_MSGSEND = YES;
				ENABLE_TESTABILITY = YES;
				GCC_C_LANGUAGE_STANDARD = gnu11;
				GCC_DYNAMIC_NO_PIC = NO;
				GCC_NO_COMMON_BLOCKS = YES;
				GCC_OPTIMIZATION_LEVEL = 0;
				GCC_PREPROCESSOR_DEFINITIONS = (
					"$(inherited)",
					"DEBUG=1",
				);
				GCC_WARN_64_TO_32_BIT_CONVERSION = YES;
				GCC_WARN_ABOUT_RETURN_TYPE = YES_ERROR;
				GCC_WARN_UNDECLARED_SELECTOR = YES;
				GCC_WARN_UNINITIALIZED_AUTOS = YES_AGGRESSIVE;
				GCC_WARN_UNUSED_FUNCTION = YES;
				GCC_WARN_UNUSED_VARIABLE = YES;
				IPHONEOS_DEPLOYMENT_TARGET = 26.0;
				MARKETING_VERSION = 1.0.0;
				MTL_ENABLE_DEBUG_INFO = INCLUDE_SOURCE;
				MTL_FAST_MATH = YES;
				ONLY_ACTIVE_ARCH = YES;
				PRODUCT_NAME = "$(TARGET_NAME)";
				SDKROOT = iphoneos;
				SWIFT_ACTIVE_COMPILATION_CONDITIONS = DEBUG;
				SWIFT_OPTIMIZATION_LEVEL = "-Onone";
				SWIFT_VERSION = 6.2;
			};
			name = Debug;
		};
		87A2E47FB8533904ADB33E88 /* Release */ = {
			isa = XCBuildConfiguration;
			buildSettings = {
				ASSETCATALOG_COMPILER_APPICON_NAME = AppIcon;
				ASSETCATALOG_COMPILER_GLOBAL_ACCENT_COLOR_NAME = AccentColor;
				CODE_SIGN_IDENTITY = "iPhone Developer";
				CODE_SIGN_STYLE = Automatic;
				DEVELOPMENT_TEAM = F7TR367W75;
				ENABLE_USER_SCRIPT_SANDBOXING = YES;
				INFOPLIST_FILE = Nubble/Info.plist;
				LD_RUNPATH_SEARCH_PATHS = (
					"$(inherited)",
					"@executable_path/Frameworks",
				);
				PRODUCT_BUNDLE_IDENTIFIER = me.nubble.app;
				SDKROOT = iphoneos;
				SWIFT_STRICT_CONCURRENCY = complete;
				TARGETED_DEVICE_FAMILY = "1,2";
			};
			name = Release;
		};
		938DE4BE6A26E2F30FBEB248 /* Release */ = {
			isa = XCBuildConfiguration;
			buildSettings = {
				ALWAYS_SEARCH_USER_PATHS = NO;
				CLANG_ANALYZER_NONNULL = YES;
				CLANG_ANALYZER_NUMBER_OBJECT_CONVERSION = YES_AGGRESSIVE;
				CLANG_CXX_LANGUAGE_STANDARD = "gnu++14";
				CLANG_CXX_LIBRARY = "libc++";
				CLANG_ENABLE_MODULES = YES;
				CLANG_ENABLE_OBJC_ARC = YES;
				CLANG_ENABLE_OBJC_WEAK = YES;
				CLANG_WARN_BLOCK_CAPTURE_AUTORELEASING = YES;
				CLANG_WARN_BOOL_CONVERSION = YES;
				CLANG_WARN_COMMA = YES;
				CLANG_WARN_CONSTANT_CONVERSION = YES;
				CLANG_WARN_DEPRECATED_OBJC_IMPLEMENTATIONS = YES;
				CLANG_WARN_DIRECT_OBJC_ISA_USAGE = YES_ERROR;
				CLANG_WARN_DOCUMENTATION_COMMENTS = YES;
				CLANG_WARN_EMPTY_BODY = YES;
				CLANG_WARN_ENUM_CONVERSION = YES;
				CLANG_WARN_INFINITE_RECURSION = YES;
				CLANG_WARN_INT_CONVERSION = YES;
				CLANG_WARN_NON_LITERAL_NULL_CONVERSION = YES;
				CLANG_WARN_OBJC_IMPLICIT_RETAIN_SELF = YES;
				CLANG_WARN_OBJC_LITERAL_CONVERSION = YES;
				CLANG_WARN_OBJC_ROOT_CLASS = YES_ERROR;
				CLANG_WARN_QUOTED_INCLUDE_IN_FRAMEWORK_HEADER = YES;
				CLANG_WARN_RANGE_LOOP_ANALYSIS = YES;
				CLANG_WARN_STRICT_PROTOTYPES = YES;
				CLANG_WARN_SUSPICIOUS_MOVE = YES;
				CLANG_WARN_UNGUARDED_AVAILABILITY = YES_AGGRESSIVE;
				CLANG_WARN_UNREACHABLE_CODE = YES;
				CLANG_WARN__DUPLICATE_METHOD_MATCH = YES;
				COPY_PHASE_STRIP = NO;
				CURRENT_PROJECT_VERSION = 1;
				DEBUG_INFORMATION_FORMAT = "dwarf-with-dsym";
				ENABLE_NS_ASSERTIONS = NO;
				ENABLE_STRICT_OBJC_MSGSEND = YES;
				GCC_C_LANGUAGE_STANDARD = gnu11;
				GCC_NO_COMMON_BLOCKS = YES;
				GCC_WARN_64_TO_32_BIT_CONVERSION = YES;
				GCC_WARN_ABOUT_RETURN_TYPE = YES_ERROR;
				GCC_WARN_UNDECLARED_SELECTOR = YES;
				GCC_WARN_UNINITIALIZED_AUTOS = YES_AGGRESSIVE;
				GCC_WARN_UNUSED_FUNCTION = YES;
				GCC_WARN_UNUSED_VARIABLE = YES;
				IPHONEOS_DEPLOYMENT_TARGET = 26.0;
				MARKETING_VERSION = 1.0.0;
				MTL_ENABLE_DEBUG_INFO = NO;
				MTL_FAST_MATH = YES;
				PRODUCT_NAME = "$(TARGET_NAME)";
				SDKROOT = iphoneos;
				SWIFT_COMPILATION_MODE = wholemodule;
				SWIFT_OPTIMIZATION_LEVEL = "-O";
				SWIFT_VERSION = 6.2;
			};
			name = Release;
		};
/* End XCBuildConfiguration section */

/* Begin XCConfigurationList section */
		00500AB6700520329B822705 /* Build configuration list for PBXProject "Nubble" */ = {
			isa = XCConfigurationList;
			buildConfigurations = (
				5B03314FE6B7A35EB25152E1 /* Debug */,
				938DE4BE6A26E2F30FBEB248 /* Release */,
			);
			defaultConfigurationIsVisible = 0;
			defaultConfigurationName = Debug;
		};
		4FABC79677ABC8E199363EE2 /* Build configuration list for PBXNativeTarget "Nubble" */ = {
			isa = XCConfigurationList;
			buildConfigurations = (
				486F48E4DF0CBF71568FAB5A /* Debug */,
				87A2E47FB8533904ADB33E88 /* Release */,
			);
			defaultConfigurationIsVisible = 0;
			defaultConfigurationName = Debug;
		};
/* End XCConfigurationList section */

/* Begin XCRemoteSwiftPackageReference section */
		067B6FDC4BE1741B6B634368 /* XCRemoteSwiftPackageReference "SwiftSoup" */ = {
			isa = XCRemoteSwiftPackageReference;
			repositoryURL = "https://github.com/scinfu/SwiftSoup.git";
			requirement = {
				kind = upToNextMajorVersion;
				minimumVersion = 2.7.0;
			};
		};
		DAD01CC49D62C2861FE3EC71 /* XCRemoteSwiftPackageReference "ZIPFoundation" */ = {
			isa = XCRemoteSwiftPackageReference;
			repositoryURL = "https://github.com/weichsel/ZIPFoundation.git";
			requirement = {
				kind = upToNextMajorVersion;
				minimumVersion = 0.9.19;
			};
		};
/* End XCRemoteSwiftPackageReference section */

/* Begin XCSwiftPackageProductDependency section */
		BEDA8351376257171DE48B0C /* SwiftSoup */ = {
			isa = XCSwiftPackageProductDependency;
			package = 067B6FDC4BE1741B6B634368 /* XCRemoteSwiftPackageReference "SwiftSoup" */;
			productName = SwiftSoup;
		};
		DEEE494003EEA3BCC989B48A /* ZIPFoundation */ = {
			isa = XCSwiftPackageProductDependency;
			package = DAD01CC49D62C2861FE3EC71 /* XCRemoteSwiftPackageReference "ZIPFoundation" */;
			productName = ZIPFoundation;
		};
/* End XCSwiftPackageProductDependency section */
	};
	rootObject = B7D91DE030048C1BFE4CF5F5 /* Project object */;
}
